{
  "name": "demoon",
  "version": "0.0.7",
  "lockfileVersion": 2,
  "requires": true,
  "packages": {
    "": {
      "version": "0.0.7",
      "license": "ISC",
      "dependencies": {
        "wasmoon": "1.11.0"
      },
      "bin": {
        "demoon": "bin/demoon"
      }
    },
    "node_modules/@types/emscripten": {
      "version": "1.39.5",
      "resolved": "https://registry.npmjs.org/@types/emscripten/-/emscripten-1.39.5.tgz",
      "integrity": "sha512-DIOOg+POSrYl+OlNRHQuIEqCd8DCtynG57H862UCce16nXJX7J8eWxNGgOcf8Eyge8zXeSs27mz1UcFu8L/L7g=="
    },
    "node_modules/wasmoon": {
      "version": "1.11.0",
      "resolved": "https://registry.npmjs.org/wasmoon/-/wasmoon-1.11.0.tgz",
      "integrity": "sha512-S5jonH2znx6fZJb9z/wqtrpyC+Pdu4KyoPUa2Lx0Y3756+2+YPHPuusZ7TGCjM05Cr6vmQ5kV/uKt8whS24cAA==",
      "dependencies": {
        "@types/emscripten": "1.39.5"
      },
      "bin": {
        "wasmoon": "bin/wasmoon"
      }
    }
  },
  "dependencies": {
    "@types/emscripten": {
      "version": "1.39.5",
      "resolved": "https://registry.npmjs.org/@types/emscripten/-/emscripten-1.39.5.tgz",
      "integrity": "sha512-DIOOg+POSrYl+OlNRHQuIEqCd8DCtynG57H862UCce16nXJX7J8eWxNGgOcf8Eyge8zXeSs27mz1UcFu8L/L7g=="
    },
    "wasmoon": {
      "version": "1.11.0",
      "resolved": "https://registry.npmjs.org/wasmoon/-/wasmoon-1.11.0.tgz",
      "integrity": "sha512-S5jonH2znx6fZJb9z/wqtrpyC+Pdu4KyoPUa2Lx0Y3756+2+YPHPuusZ7TGCjM05Cr6vmQ5kV/uKt8whS24cAA==",
      "requires": {
        "@types/emscripten": "1.39.5"
      }
    }
  }
}
